// !$*UTF8*$!
{
	archiveVersion = 1;
	classes = {
	};
	objectVersion = 50;
	objects = {

/* Begin PBXBuildFile section */
		2E19340E2545486700220512 /* AppDelegate.swift in Sources */ = {isa = PBXBuildFile; fileRef = 2E19340D2545486700220512 /* AppDelegate.swift */; };
		2E1934102545486700220512 /* SceneDelegate.swift in Sources */ = {isa = PBXBuildFile; fileRef = 2E19340F2545486700220512 /* SceneDelegate.swift */; };
		2E1934122545486700220512 /* ViewController.swift in Sources */ = {isa = PBXBuildFile; fileRef = 2E1934112545486700220512 /* ViewController.swift */; };
		2E1934152545486700220512 /* Main.storyboard in Resources */ = {isa = PBXBuildFile; fileRef = 2E1934132545486700220512 /* Main.storyboard */; };
		2E1934172545486D00220512 /* Assets.xcassets in Resources */ = {isa = PBXBuildFile; fileRef = 2E1934162545486D00220512 /* Assets.xcassets */; };
		2E19341A2545486D00220512 /* LaunchScreen.storyboard in Resources */ = {isa = PBXBuildFile; fileRef = 2E1934182545486D00220512 /* LaunchScreen.storyboard */; };
		2E193424254548B400220512 /* Records.swift in Sources */ = {isa = PBXBuildFile; fileRef = 2E193423254548B400220512 /* Records.swift */; };
		2E1934272545495A00220512 /* Game.swift in Sources */ = {isa = PBXBuildFile; fileRef = 2E1934262545495A00220512 /* Game.swift */; };
		2E1934292545496C00220512 /* GameSession.swift in Sources */ = {isa = PBXBuildFile; fileRef = 2E1934282545496C00220512 /* GameSession.swift */; };
		2E19342B2545498600220512 /* MainViewController.swift in Sources */ = {isa = PBXBuildFile; fileRef = 2E19342A2545498600220512 /* MainViewController.swift */; };
		2E19342D2545499400220512 /* GameViewController.swift in Sources */ = {isa = PBXBuildFile; fileRef = 2E19342C2545499400220512 /* GameViewController.swift */; };
		2E19342F254549B200220512 /* RecordsViewController.swift in Sources */ = {isa = PBXBuildFile; fileRef = 2E19342E254549B200220512 /* RecordsViewController.swift */; };
		2E193431254552C200220512 /* Question.swift in Sources */ = {isa = PBXBuildFile; fileRef = 2E193430254552C200220512 /* Question.swift */; };
		2E1934342545BF2400220512 /* RecordsTableViewCell.swift in Sources */ = {isa = PBXBuildFile; fileRef = 2E1934332545BF2400220512 /* RecordsTableViewCell.swift */; };
		2E1934372545CB0500220512 /* RecordsCaretaker.swift in Sources */ = {isa = PBXBuildFile; fileRef = 2E1934362545CB0500220512 /* RecordsCaretaker.swift */; };
		2E19343C254EF01200220512 /* SettingsViewController.swift in Sources */ = {isa = PBXBuildFile; fileRef = 2E19343B254EF01200220512 /* SettingsViewController.swift */; };
		2E19343E254EF02900220512 /* AddQuestionViewController.swift in Sources */ = {isa = PBXBuildFile; fileRef = 2E19343D254EF02900220512 /* AddQuestionViewController.swift */; };
		2E193441254EFA3F00220512 /* Mode.swift in Sources */ = {isa = PBXBuildFile; fileRef = 2E193440254EFA3F00220512 /* Mode.swift */; };
		2E193443254EFAC300220512 /* ModeStrategy.swift in Sources */ = {isa = PBXBuildFile; fileRef = 2E193442254EFAC300220512 /* ModeStrategy.swift */; };
		2E193445254EFAE400220512 /* RandomModeStrategy.swift in Sources */ = {isa = PBXBuildFile; fileRef = 2E193444254EFAE400220512 /* RandomModeStrategy.swift */; };
		2E193447254EFB0300220512 /* ConsecutivelyModeStrategy.swift in Sources */ = {isa = PBXBuildFile; fileRef = 2E193446254EFB0300220512 /* ConsecutivelyModeStrategy.swift */; };
		2E19344C254F24CF00220512 /* QuestionsCaretaker.swift in Sources */ = {isa = PBXBuildFile; fileRef = 2E19344B254F24CF00220512 /* QuestionsCaretaker.swift */; };
/* End PBXBuildFile section */

/* Begin PBXFileReference section */
		2E19340A2545486700220512 /* millionaire_game.app */ = {isa = PBXFileReference; explicitFileType = wrapper.application; includeInIndex = 0; path = millionaire_game.app; sourceTree = BUILT_PRODUCTS_DIR; };
		2E19340D2545486700220512 /* AppDelegate.swift */ = {isa = PBXFileReference; lastKnownFileType = sourcecode.swift; path = AppDelegate.swift; sourceTree = "<group>"; };
		2E19340F2545486700220512 /* SceneDelegate.swift */ = {isa = PBXFileReference; lastKnownFileType = sourcecode.swift; path = SceneDelegate.swift; sourceTree = "<group>"; };
		2E1934112545486700220512 /* ViewController.swift */ = {isa = PBXFileReference; lastKnownFileType = sourcecode.swift; path = ViewController.swift; sourceTree = "<group>"; };
		2E1934142545486700220512 /* Base */ = {isa = PBXFileReference; lastKnownFileType = file.storyboard; name = Base; path = Base.lproj/Main.storyboard; sourceTree = "<group>"; };
		2E1934162545486D00220512 /* Assets.xcassets */ = {isa = PBXFileReference; lastKnownFileType = folder.assetcatalog; path = Assets.xcassets; sourceTree = "<group>"; };
		2E1934192545486D00220512 /* Base */ = {isa = PBXFileReference; lastKnownFileType = file.storyboard; name = Base; path = Base.lproj/LaunchScreen.storyboard; sourceTree = "<group>"; };
		2E19341B2545486D00220512 /* Info.plist */ = {isa = PBXFileReference; lastKnownFileType = text.plist.xml; path = Info.plist; sourceTree = "<group>"; };
		2E193423254548B400220512 /* Records.swift */ = {isa = PBXFileReference; lastKnownFileType = sourcecode.swift; path = Records.swift; sourceTree = "<group>"; };
		2E1934262545495A00220512 /* Game.swift */ = {isa = PBXFileReference; lastKnownFileType = sourcecode.swift; path = Game.swift; sourceTree = "<group>"; };
		2E1934282545496C00220512 /* GameSession.swift */ = {isa = PBXFileReference; lastKnownFileType = sourcecode.swift; path = GameSession.swift; sourceTree = "<group>"; };
		2E19342A2545498600220512 /* MainViewController.swift */ = {isa = PBXFileReference; lastKnownFileType = sourcecode.swift; path = MainViewController.swift; sourceTree = "<group>"; };
		2E19342C2545499400220512 /* GameViewController.swift */ = {isa = PBXFileReference; lastKnownFileType = sourcecode.swift; path = GameViewController.swift; sourceTree = "<group>"; };
		2E19342E254549B200220512 /* RecordsViewController.swift */ = {isa = PBXFileReference; lastKnownFileType = sourcecode.swift; path = RecordsViewController.swift; sourceTree = "<group>"; };
		2E193430254552C200220512 /* Question.swift */ = {isa = PBXFileReference; lastKnownFileType = sourcecode.swift; path = Question.swift; sourceTree = "<group>"; };
		2E1934332545BF2400220512 /* RecordsTableViewCell.swift */ = {isa = PBXFileReference; lastKnownFileType = sourcecode.swift; path = RecordsTableViewCell.swift; sourceTree = "<group>"; };
		2E1934362545CB0500220512 /* RecordsCaretaker.swift */ = {isa = PBXFileReference; lastKnownFileType = sourcecode.swift; path = RecordsCaretaker.swift; sourceTree = "<group>"; };
		2E19343B254EF01200220512 /* SettingsViewController.swift */ = {isa = PBXFileReference; lastKnownFileType = sourcecode.swift; path = SettingsViewController.swift; sourceTree = "<group>"; };
		2E19343D254EF02900220512 /* AddQuestionViewController.swift */ = {isa = PBXFileReference; lastKnownFileType = sourcecode.swift; path = AddQuestionViewController.swift; sourceTree = "<group>"; };
		2E193440254EFA3F00220512 /* Mode.swift */ = {isa = PBXFileReference; lastKnownFileType = sourcecode.swift; path = Mode.swift; sourceTree = "<group>"; };
		2E193442254EFAC300220512 /* ModeStrategy.swift */ = {isa = PBXFileReference; lastKnownFileType = sourcecode.swift; path = ModeStrategy.swift; sourceTree = "<group>"; };
		2E193444254EFAE400220512 /* RandomModeStrategy.swift */ = {isa = PBXFileReference; lastKnownFileType = sourcecode.swift; path = RandomModeStrategy.swift; sourceTree = "<group>"; };
		2E193446254EFB0300220512 /* ConsecutivelyModeStrategy.swift */ = {isa = PBXFileReference; lastKnownFileType = sourcecode.swift; path = ConsecutivelyModeStrategy.swift; sourceTree = "<group>"; };
		2E19344B254F24CF00220512 /* QuestionsCaretaker.swift */ = {isa = PBXFileReference; lastKnownFileType = sourcecode.swift; path = QuestionsCaretaker.swift; sourceTree = "<group>"; };
/* End PBXFileReference section */

/* Begin PBXFrameworksBuildPhase section */
		2E1934072545486700220512 /* Frameworks */ = {
			isa = PBXFrameworksBuildPhase;
			buildActionMask = 2147483647;
			files = (
			);
			runOnlyForDeploymentPostprocessing = 0;
		};
/* End PBXFrameworksBuildPhase section */

/* Begin PBXGroup section */
		2E1934012545486700220512 = {
			isa = PBXGroup;
			children = (
				2E19340C2545486700220512 /* millionaire_game */,
				2E19340B2545486700220512 /* Products */,
			);
			sourceTree = "<group>";
		};
		2E19340B2545486700220512 /* Products */ = {
			isa = PBXGroup;
			children = (
				2E19340A2545486700220512 /* millionaire_game.app */,
			);
			name = Products;
			sourceTree = "<group>";
		};
		2E19340C2545486700220512 /* millionaire_game */ = {
			isa = PBXGroup;
			children = (
				2E193448254F1D6300220512 /* Observer */,
				2E19343F254EF47E00220512 /* Strategy */,
				2E1934352545C44A00220512 /* Memento */,
				2E1934252545494A00220512 /* Classes */,
				2E1934222545488B00220512 /* Model */,
				2E1934212545488100220512 /* Controllers */,
				2E1934322545BF0500220512 /* Cells */,
				2E19340D2545486700220512 /* AppDelegate.swift */,
				2E19340F2545486700220512 /* SceneDelegate.swift */,
				2E1934112545486700220512 /* ViewController.swift */,
				2E1934132545486700220512 /* Main.storyboard */,
				2E1934162545486D00220512 /* Assets.xcassets */,
				2E1934182545486D00220512 /* LaunchScreen.storyboard */,
				2E19341B2545486D00220512 /* Info.plist */,
			);
			path = millionaire_game;
			sourceTree = "<group>";
		};
		2E1934212545488100220512 /* Controllers */ = {
			isa = PBXGroup;
			children = (
				2E19342A2545498600220512 /* MainViewController.swift */,
				2E19342C2545499400220512 /* GameViewController.swift */,
				2E19342E254549B200220512 /* RecordsViewController.swift */,
				2E19343B254EF01200220512 /* SettingsViewController.swift */,
				2E19343D254EF02900220512 /* AddQuestionViewController.swift */,
			);
			path = Controllers;
			sourceTree = "<group>";
		};
		2E1934222545488B00220512 /* Model */ = {
			isa = PBXGroup;
			children = (
				2E193423254548B400220512 /* Records.swift */,
				2E193430254552C200220512 /* Question.swift */,
				2E193440254EFA3F00220512 /* Mode.swift */,
			);
			path = Model;
			sourceTree = "<group>";
		};
		2E1934252545494A00220512 /* Classes */ = {
			isa = PBXGroup;
			children = (
				2E1934262545495A00220512 /* Game.swift */,
				2E1934282545496C00220512 /* GameSession.swift */,
			);
			path = Classes;
			sourceTree = "<group>";
		};
		2E1934322545BF0500220512 /* Cells */ = {
			isa = PBXGroup;
			children = (
				2E1934332545BF2400220512 /* RecordsTableViewCell.swift */,
			);
			path = Cells;
			sourceTree = "<group>";
		};
		2E1934352545C44A00220512 /* Memento */ = {
			isa = PBXGroup;
			children = (
				2E1934362545CB0500220512 /* RecordsCaretaker.swift */,
				2E19344B254F24CF00220512 /* QuestionsCaretaker.swift */,
			);
			path = Memento;
			sourceTree = "<group>";
		};
		2E19343F254EF47E00220512 /* Strategy */ = {
			isa = PBXGroup;
			children = (
				2E193442254EFAC300220512 /* ModeStrategy.swift */,
				2E193444254EFAE400220512 /* RandomModeStrategy.swift */,
				2E193446254EFB0300220512 /* ConsecutivelyModeStrategy.swift */,
			);
			path = Strategy;
			sourceTree = "<group>";
		};
		2E193448254F1D6300220512 /* Observer */ = {
			isa = PBXGroup;
			children = (
			);
			path = Observer;
			sourceTree = "<group>";
		};
/* End PBXGroup section */

/* Begin PBXNativeTarget section */
		2E1934092545486700220512 /* millionaire_game */ = {
			isa = PBXNativeTarget;
			buildConfigurationList = 2E19341E2545486D00220512 /* Build configuration list for PBXNativeTarget "millionaire_game" */;
			buildPhases = (
				2E1934062545486700220512 /* Sources */,
				2E1934072545486700220512 /* Frameworks */,
				2E1934082545486700220512 /* Resources */,
			);
			buildRules = (
			);
			dependencies = (
			);
			name = millionaire_game;
			productName = millionaire_game;
			productReference = 2E19340A2545486700220512 /* millionaire_game.app */;
			productType = "com.apple.product-type.application";
		};
/* End PBXNativeTarget section */

/* Begin PBXProject section */
		2E1934022545486700220512 /* Project object */ = {
			isa = PBXProject;
			attributes = {
				LastSwiftUpdateCheck = 1110;
				LastUpgradeCheck = 1110;
				ORGANIZATIONNAME = "Полина Войтенко";
				TargetAttributes = {
					2E1934092545486700220512 = {
						CreatedOnToolsVersion = 11.1;
					};
				};
			};
			buildConfigurationList = 2E1934052545486700220512 /* Build configuration list for PBXProject "millionaire_game" */;
			compatibilityVersion = "Xcode 9.3";
			developmentRegion = en;
			hasScannedForEncodings = 0;
			knownRegions = (
				en,
				Base,
			);
			mainGroup = 2E1934012545486700220512;
			productRefGroup = 2E19340B2545486700220512 /* Products */;
			projectDirPath = "";
			projectRoot = "";
			targets = (
				2E1934092545486700220512 /* millionaire_game */,
			);
		};
/* End PBXProject section */

/* Begin PBXResourcesBuildPhase section */
		2E1934082545486700220512 /* Resources */ = {
			isa = PBXResourcesBuildPhase;
			buildActionMask = 2147483647;
			files = (
				2E19341A2545486D00220512 /* LaunchScreen.storyboard in Resources */,
				2E1934172545486D00220512 /* Assets.xcassets in Resources */,
				2E1934152545486700220512 /* Main.storyboard in Resources */,
			);
			runOnlyForDeploymentPostprocessing = 0;
		};
/* End PBXResourcesBuildPhase section */

/* Begin PBXSourcesBuildPhase section */
		2E1934062545486700220512 /* Sources */ = {
			isa = PBXSourcesBuildPhase;
			buildActionMask = 2147483647;
			files = (
				2E19342B2545498600220512 /* MainViewController.swift in Sources */,
				2E1934372545CB0500220512 /* RecordsCaretaker.swift in Sources */,
				2E1934122545486700220512 /* ViewController.swift in Sources */,
				2E19342F254549B200220512 /* RecordsViewController.swift in Sources */,
				2E1934272545495A00220512 /* Game.swift in Sources */,
				2E193443254EFAC300220512 /* ModeStrategy.swift in Sources */,
				2E19340E2545486700220512 /* AppDelegate.swift in Sources */,
				2E193431254552C200220512 /* Question.swift in Sources */,
				2E19342D2545499400220512 /* GameViewController.swift in Sources */,
				2E193424254548B400220512 /* Records.swift in Sources */,
				2E1934292545496C00220512 /* GameSession.swift in Sources */,
				2E19344C254F24CF00220512 /* QuestionsCaretaker.swift in Sources */,
				2E19343C254EF01200220512 /* SettingsViewController.swift in Sources */,
				2E193441254EFA3F00220512 /* Mode.swift in Sources */,
				2E193447254EFB0300220512 /* ConsecutivelyModeStrategy.swift in Sources */,
				2E193445254EFAE400220512 /* RandomModeStrategy.swift in Sources */,
				2E1934102545486700220512 /* SceneDelegate.swift in Sources */,
				2E19343E254EF02900220512 /* AddQuestionViewController.swift in Sources */,
				2E1934342545BF2400220512 /* RecordsTableViewCell.swift in Sources */,
			);
			runOnlyForDeploymentPostprocessing = 0;
		};
/* End PBXSourcesBuildPhase section */

/* Begin PBXVariantGroup section */
		2E1934132545486700220512 /* Main.storyboard */ = {
			isa = PBXVariantGroup;
			children = (
				2E1934142545486700220512 /* Base */,
			);
			name = Main.storyboard;
			sourceTree = "<group>";
		};
		2E1934182545486D00220512 /* LaunchScreen.storyboard */ = {
			isa = PBXVariantGroup;
			children = (
				2E1934192545486D00220512 /* Base */,
			);
			name = LaunchScreen.storyboard;
			sourceTree = "<group>";
		};
/* End PBXVariantGroup section */

/* Begin XCBuildConfiguration section */
		2E19341C2545486D00220512 /* Debug */ = {
			isa = XCBuildConfiguration;
			buildSettings = {
				ALWAYS_SEARCH_USER_PATHS = NO;
				CLANG_ANALYZER_NONNULL = YES;
				CLANG_ANALYZER_NUMBER_OBJECT_CONVERSION = YES_AGGRESSIVE;
				CLANG_CXX_LANGUAGE_STANDARD = "gnu++14";
				CLANG_CXX_LIBRARY = "libc++";
				CLANG_ENABLE_MODULES = YES;
				CLANG_ENABLE_OBJC_ARC = YES;
				CLANG_ENABLE_OBJC_WEAK = YES;
				CLANG_WARN_BLOCK_CAPTURE_AUTORELEASING = YES;
				CLANG_WARN_BOOL_CONVERSION = YES;
				CLANG_WARN_COMMA = YES;
				CLANG_WARN_CONSTANT_CONVERSION = YES;
				CLANG_WARN_DEPRECATED_OBJC_IMPLEMENTATIONS = YES;
				CLANG_WARN_DIRECT_OBJC_ISA_USAGE = YES_ERROR;
				CLANG_WARN_DOCUMENTATION_COMMENTS = YES;
				CLANG_WARN_EMPTY_BODY = YES;
				CLANG_WARN_ENUM_CONVERSION = YES;
				CLANG_WARN_INFINITE_RECURSION = YES;
				CLANG_WARN_INT_CONVERSION = YES;
				CLANG_WARN_NON_LITERAL_NULL_CONVERSION = YES;
				CLANG_WARN_OBJC_IMPLICIT_RETAIN_SELF = YES;
				CLANG_WARN_OBJC_LITERAL_CONVERSION = YES;
				CLANG_WARN_OBJC_ROOT_CLASS = YES_ERROR;
				CLANG_WARN_RANGE_LOOP_ANALYSIS = YES;
				CLANG_WARN_STRICT_PROTOTYPES = YES;
				CLANG_WARN_SUSPICIOUS_MOVE = YES;
				CLANG_WARN_UNGUARDED_AVAILABILITY = YES_AGGRESSIVE;
				CLANG_WARN_UNREACHABLE_CODE = YES;
				CLANG_WARN__DUPLICATE_METHOD_MATCH = YES;
				COPY_PHASE_STRIP = NO;
				DEBUG_INFORMATION_FORMAT = dwarf;
				ENABLE_STRICT_OBJC_MSGSEND = YES;
				ENABLE_TESTABILITY = YES;
				GCC_C_LANGUAGE_STANDARD = gnu11;
				GCC_DYNAMIC_NO_PIC = NO;
				GCC_NO_COMMON_BLOCKS = YES;
				GCC_OPTIMIZATION_LEVEL = 0;
				GCC_PREPROCESSOR_DEFINITIONS = (
					"DEBUG=1",
					"$(inherited)",
				);
				GCC_WARN_64_TO_32_BIT_CONVERSION = YES;
				GCC_WARN_ABOUT_RETURN_TYPE = YES_ERROR;
				GCC_WARN_UNDECLARED_SELECTOR = YES;
				GCC_WARN_UNINITIALIZED_AUTOS = YES_AGGRESSIVE;
				GCC_WARN_UNUSED_FUNCTION = YES;
				GCC_WARN_UNUSED_VARIABLE = YES;
				IPHONEOS_DEPLOYMENT_TARGET = 13.1;
				MTL_ENABLE_DEBUG_INFO = INCLUDE_SOURCE;
				MTL_FAST_MATH = YES;
				ONLY_ACTIVE_ARCH = YES;
				SDKROOT = iphoneos;
				SWIFT_ACTIVE_COMPILATION_CONDITIONS = DEBUG;
				SWIFT_OPTIMIZATION_LEVEL = "-Onone";
			};
			name = Debug;
		};
		2E19341D2545486D00220512 /* Release */ = {
			isa = XCBuildConfiguration;
			buildSettings = {
				ALWAYS_SEARCH_USER_PATHS = NO;
				CLANG_ANALYZER_NONNULL = YES;
				CLANG_ANALYZER_NUMBER_OBJECT_CONVERSION = YES_AGGRESSIVE;
				CLANG_CXX_LANGUAGE_STANDARD = "gnu++14";
				CLANG_CXX_LIBRARY = "libc++";
				CLANG_ENABLE_MODULES = YES;
				CLANG_ENABLE_OBJC_ARC = YES;
				CLANG_ENABLE_OBJC_WEAK = YES;
				CLANG_WARN_BLOCK_CAPTURE_AUTORELEASING = YES;
				CLANG_WARN_BOOL_CONVERSION = YES;
				CLANG_WARN_COMMA = YES;
				CLANG_WARN_CONSTANT_CONVERSION = YES;
				CLANG_WARN_DEPRECATED_OBJC_IMPLEMENTATIONS = YES;
				CLANG_WARN_DIRECT_OBJC_ISA_USAGE = YES_ERROR;
				CLANG_WARN_DOCUMENTATION_COMMENTS = YES;
				CLANG_WARN_EMPTY_BODY = YES;
				CLANG_WARN_ENUM_CONVERSION = YES;
				CLANG_WARN_INFINITE_RECURSION = YES;
				CLANG_WARN_INT_CONVERSION = YES;
				CLANG_WARN_NON_LITERAL_NULL_CONVERSION = YES;
				CLANG_WARN_OBJC_IMPLICIT_RETAIN_SELF = YES;
				CLANG_WARN_OBJC_LITERAL_CONVERSION = YES;
				CLANG_WARN_OBJC_ROOT_CLASS = YES_ERROR;
				CLANG_WARN_RANGE_LOOP_ANALYSIS = YES;
				CLANG_WARN_STRICT_PROTOTYPES = YES;
				CLANG_WARN_SUSPICIOUS_MOVE = YES;
				CLANG_WARN_UNGUARDED_AVAILABILITY = YES_AGGRESSIVE;
				CLANG_WARN_UNREACHABLE_CODE = YES;
				CLANG_WARN__DUPLICATE_METHOD_MATCH = YES;
				COPY_PHASE_STRIP = NO;
				DEBUG_INFORMATION_FORMAT = "dwarf-with-dsym";
				ENABLE_NS_ASSERTIONS = NO;
				ENABLE_STRICT_OBJC_MSGSEND = YES;
				GCC_C_LANGUAGE_STANDARD = gnu11;
				GCC_NO_COMMON_BLOCKS = YES;
				GCC_WARN_64_TO_32_BIT_CONVERSION = YES;
				GCC_WARN_ABOUT_RETURN_TYPE = YES_ERROR;
				GCC_WARN_UNDECLARED_SELECTOR = YES;
				GCC_WARN_UNINITIALIZED_AUTOS = YES_AGGRESSIVE;
				GCC_WARN_UNUSED_FUNCTION = YES;
				GCC_WARN_UNUSED_VARIABLE = YES;
				IPHONEOS_DEPLOYMENT_TARGET = 13.1;
				MTL_ENABLE_DEBUG_INFO = NO;
				MTL_FAST_MATH = YES;
				SDKROOT = iphoneos;
				SWIFT_COMPILATION_MODE = wholemodule;
				SWIFT_OPTIMIZATION_LEVEL = "-O";
				VALIDATE_PRODUCT = YES;
			};
			name = Release;
		};
		2E19341F2545486D00220512 /* Debug */ = {
			isa = XCBuildConfiguration;
			buildSettings = {
				ASSETCATALOG_COMPILER_APPICON_NAME = AppIcon;
				CODE_SIGN_STYLE = Automatic;
				DEVELOPMENT_TEAM = 579A83U37C;
				INFOPLIST_FILE = millionaire_game/Info.plist;
				LD_RUNPATH_SEARCH_PATHS = (
					"$(inherited)",
					"@executable_path/Frameworks",
				);
				PRODUCT_BUNDLE_IDENTIFIER = "com.astrolaboos.millionaire-game";
				PRODUCT_NAME = "$(TARGET_NAME)";
				SWIFT_VERSION = 5.0;
				TARGETED_DEVICE_FAMILY = "1,2";
			};
			name = Debug;
		};
		2E1934202545486D00220512 /* Release */ = {
			isa = XCBuildConfiguration;
			buildSettings = {
				ASSETCATALOG_COMPILER_APPICON_NAME = AppIcon;
				CODE_SIGN_STYLE = Automatic;
				DEVELOPMENT_TEAM = 579A83U37C;
				INFOPLIST_FILE = millionaire_game/Info.plist;
				LD_RUNPATH_SEARCH_PATHS = (
					"$(inherited)",
					"@executable_path/Frameworks",
				);
				PRODUCT_BUNDLE_IDENTIFIER = "com.astrolaboos.millionaire-game";
				PRODUCT_NAME = "$(TARGET_NAME)";
				SWIFT_VERSION = 5.0;
				TARGETED_DEVICE_FAMILY = "1,2";
			};
			name = Release;
		};
/* End XCBuildConfiguration section */

/* Begin XCConfigurationList section */
		2E1934052545486700220512 /* Build configuration list for PBXProject "millionaire_game" */ = {
			isa = XCConfigurationList;
			buildConfigurations = (
				2E19341C2545486D00220512 /* Debug */,
				2E19341D2545486D00220512 /* Release */,
			);
			defaultConfigurationIsVisible = 0;
			defaultConfigurationName = Release;
		};
		2E19341E2545486D00220512 /* Build configuration list for PBXNativeTarget "millionaire_game" */ = {
			isa = XCConfigurationList;
			buildConfigurations = (
				2E19341F2545486D00220512 /* Debug */,
				2E1934202545486D00220512 /* Release */,
			);
			defaultConfigurationIsVisible = 0;
			defaultConfigurationName = Release;
		};
/* End XCConfigurationList section */
	};
	rootObject = 2E1934022545486700220512 /* Project object */;
}
